
Microsoft Visual Studio Solution File, Format Version 12.00
# Visual Studio 2012
Project("{F2A71F9B-5D33-465A-A702-920D77279786}") = "CloudTest", "CloudTest\CloudTest.fsproj", "{DA83E520-3802-49E0-B209-FF9AEBCDF539}"
EndProject
Global
	GlobalSection(SolutionConfigurationPlatforms) = preSolution
		Debug|Any CPU = Debug|Any CPU
		Release|Any CPU = Release|Any CPU
	EndGlobalSection
	GlobalSection(ProjectConfigurationPlatforms) = postSolution
		{DA83E520-3802-49E0-B209-FF9AEBCDF539}.Debug|Any CPU.ActiveCfg = Debug|Any CPU
		{DA83E520-3802-49E0-B209-FF9AEBCDF539}.Debug|Any CPU.Build.0 = Debug|Any CPU
		{DA83E520-3802-49E0-B209-FF9AEBCDF539}.Release|Any CPU.ActiveCfg = Release|Any CPU
		{DA83E520-3802-49E0-B209-FF9AEBCDF539}.Release|Any CPU.Build.0 = Release|Any CPU
	EndGlobalSection
	GlobalSection(SolutionProperties) = preSolution
		HideSolutionNode = FALSE
	EndGlobalSection
EndGlobal
